
Microsoft Visual Studio Solution File, Format Version 12.00
# Visual Studio Version 17
VisualStudioVersion = 17.11.35208.52
MinimumVisualStudioVersion = 10.0.40219.1
Project("{FAE04EC0-301F-11D3-BF4B-00C04F79EFBC}") = "JavaScript001", "JavaScript001\JavaScript001.csproj", "{0B371B96-8FF7-4701-8248-671D0EE63A01}"
EndProject
Project("{FAE04EC0-301F-11D3-BF4B-00C04F79EFBC}") = "JavaScript002", "JavaScript002\JavaScript002.csproj", "{09B45BAB-33BC-451E-8A83-FA9C92D6AFAA}"
EndProject
Project("{FAE04EC0-301F-11D3-BF4B-00C04F79EFBC}") = "JavaScriptTask", "JavaScriptTask\JavaScriptTask.csproj", "{2F645D39-8EB0-451E-A615-6FEEBE4DB6A0}"
EndProject
Project("{9A19103F-16F7-4668-BE54-9A1E7A4F7556}") = "MVC001", "MVC001\MVC001.csproj", "{C19012C1-CAAC-4F69-8E6F-36B2EAE1B94F}"
EndProject
Project("{9A19103F-16F7-4668-BE54-9A1E7A4F7556}") = "MVC002", "MVC002\MVC002.csproj", "{74694032-0486-4D91-BA98-A6CEC70F5DF4}"
EndProject
Project("{9A19103F-16F7-4668-BE54-9A1E7A4F7556}") = "MVC003", "MVC 003\MVC003.csproj", "{2C858243-E0E8-4AC4-B2D3-966302D77FFF}"
EndProject
Project("{FAE04EC0-301F-11D3-BF4B-00C04F79EFBC}") = "MVC004", "MVC004\MVC004.csproj", "{EC1C7E14-4C10-44F9-AC61-7405E9B4F5FF}"
EndProject
Global
	GlobalSection(SolutionConfigurationPlatforms) = preSolution
		Debug|Any CPU = Debug|Any CPU
		Release|Any CPU = Release|Any CPU
	EndGlobalSection
	GlobalSection(ProjectConfigurationPlatforms) = postSolution
		{0B371B96-8FF7-4701-8248-671D0EE63A01}.Debug|Any CPU.ActiveCfg = Debug|Any CPU
		{0B371B96-8FF7-4701-8248-671D0EE63A01}.Debug|Any CPU.Build.0 = Debug|Any CPU
		{0B371B96-8FF7-4701-8248-671D0EE63A01}.Release|Any CPU.ActiveCfg = Release|Any CPU
		{0B371B96-8FF7-4701-8248-671D0EE63A01}.Release|Any CPU.Build.0 = Release|Any CPU
		{09B45BAB-33BC-451E-8A83-FA9C92D6AFAA}.Debug|Any CPU.ActiveCfg = Debug|Any CPU
		{09B45BAB-33BC-451E-8A83-FA9C92D6AFAA}.Debug|Any CPU.Build.0 = Debug|Any CPU
		{09B45BAB-33BC-451E-8A83-FA9C92D6AFAA}.Release|Any CPU.ActiveCfg = Release|Any CPU
		{09B45BAB-33BC-451E-8A83-FA9C92D6AFAA}.Release|Any CPU.Build.0 = Release|Any CPU
		{2F645D39-8EB0-451E-A615-6FEEBE4DB6A0}.Debug|Any CPU.ActiveCfg = Debug|Any CPU
		{2F645D39-8EB0-451E-A615-6FEEBE4DB6A0}.Debug|Any CPU.Build.0 = Debug|Any CPU
		{2F645D39-8EB0-451E-A615-6FEEBE4DB6A0}.Release|Any CPU.ActiveCfg = Release|Any CPU
		{2F645D39-8EB0-451E-A615-6FEEBE4DB6A0}.Release|Any CPU.Build.0 = Release|Any CPU
		{C19012C1-CAAC-4F69-8E6F-36B2EAE1B94F}.Debug|Any CPU.ActiveCfg = Debug|Any CPU
		{C19012C1-CAAC-4F69-8E6F-36B2EAE1B94F}.Debug|Any CPU.Build.0 = Debug|Any CPU
		{C19012C1-CAAC-4F69-8E6F-36B2EAE1B94F}.Release|Any CPU.ActiveCfg = Release|Any CPU
		{C19012C1-CAAC-4F69-8E6F-36B2EAE1B94F}.Release|Any CPU.Build.0 = Release|Any CPU
		{74694032-0486-4D91-BA98-A6CEC70F5DF4}.Debug|Any CPU.ActiveCfg = Debug|Any CPU
		{74694032-0486-4D91-BA98-A6CEC70F5DF4}.Debug|Any CPU.Build.0 = Debug|Any CPU
		{74694032-0486-4D91-BA98-A6CEC70F5DF4}.Release|Any CPU.ActiveCfg = Release|Any CPU
		{74694032-0486-4D91-BA98-A6CEC70F5DF4}.Release|Any CPU.Build.0 = Release|Any CPU
		{2C858243-E0E8-4AC4-B2D3-966302D77FFF}.Debug|Any CPU.ActiveCfg = Debug|Any CPU
		{2C858243-E0E8-4AC4-B2D3-966302D77FFF}.Debug|Any CPU.Build.0 = Debug|Any CPU
		{2C858243-E0E8-4AC4-B2D3-966302D77FFF}.Release|Any CPU.ActiveCfg = Release|Any CPU
		{2C858243-E0E8-4AC4-B2D3-966302D77FFF}.Release|Any CPU.Build.0 = Release|Any CPU
		{EC1C7E14-4C10-44F9-AC61-7405E9B4F5FF}.Debug|Any CPU.ActiveCfg = Debug|Any CPU
		{EC1C7E14-4C10-44F9-AC61-7405E9B4F5FF}.Debug|Any CPU.Build.0 = Debug|Any CPU
		{EC1C7E14-4C10-44F9-AC61-7405E9B4F5FF}.Release|Any CPU.ActiveCfg = Release|Any CPU
		{EC1C7E14-4C10-44F9-AC61-7405E9B4F5FF}.Release|Any CPU.Build.0 = Release|Any CPU
	EndGlobalSection
	GlobalSection(SolutionProperties) = preSolution
		HideSolutionNode = FALSE
	EndGlobalSection
	GlobalSection(ExtensibilityGlobals) = postSolution
		SolutionGuid = {CE76E077-D88C-478F-B31B-1E2484DDD900}
	EndGlobalSection
EndGlobal
